
Microsoft Visual Studio Solution File, Format Version 12.00
# Visual Studio Version 17
VisualStudioVersion = 17.8.34408.163
MinimumVisualStudioVersion = 10.0.40219.1
Project("{9A19103F-16F7-4668-BE54-9A1E7A4F7556}") = "LibrarySystem", "LibrarySystem\LibrarySystem\LibrarySystem.csproj", "{1165AD67-1DC1-4899-A35E-ECFB234DE203}"
EndProject
Project("{9A19103F-16F7-4668-BE54-9A1E7A4F7556}") = "LibrarySystem.Client", "LibrarySystem\LibrarySystem.Client\LibrarySystem.Client.csproj", "{5E22CE40-C33B-4AEA-BC09-AC778A254F2E}"
EndProject
Project("{9A19103F-16F7-4668-BE54-9A1E7A4F7556}") = "LibrarySystem.Models", "LibrarySystem.Models\LibrarySystem.Models.csproj", "{C8223A51-5BA9-42CD-8DFE-B0A1CADB4F20}"
EndProject
Global
	GlobalSection(SolutionConfigurationPlatforms) = preSolution
		Debug|Any CPU = Debug|Any CPU
		Release|Any CPU = Release|Any CPU
	EndGlobalSection
	GlobalSection(ProjectConfigurationPlatforms) = postSolution
		{1165AD67-1DC1-4899-A35E-ECFB234DE203}.Debug|Any CPU.ActiveCfg = Debug|Any CPU
		{1165AD67-1DC1-4899-A35E-ECFB234DE203}.Debug|Any CPU.Build.0 = Debug|Any CPU
		{1165AD67-1DC1-4899-A35E-ECFB234DE203}.Release|Any CPU.ActiveCfg = Release|Any CPU
		{1165AD67-1DC1-4899-A35E-ECFB234DE203}.Release|Any CPU.Build.0 = Release|Any CPU
		{5E22CE40-C33B-4AEA-BC09-AC778A254F2E}.Debug|Any CPU.ActiveCfg = Debug|Any CPU
		{5E22CE40-C33B-4AEA-BC09-AC778A254F2E}.Debug|Any CPU.Build.0 = Debug|Any CPU
		{5E22CE40-C33B-4AEA-BC09-AC778A254F2E}.Release|Any CPU.ActiveCfg = Release|Any CPU
		{5E22CE40-C33B-4AEA-BC09-AC778A254F2E}.Release|Any CPU.Build.0 = Release|Any CPU
		{C8223A51-5BA9-42CD-8DFE-B0A1CADB4F20}.Debug|Any CPU.ActiveCfg = Debug|Any CPU
		{C8223A51-5BA9-42CD-8DFE-B0A1CADB4F20}.Debug|Any CPU.Build.0 = Debug|Any CPU
		{C8223A51-5BA9-42CD-8DFE-B0A1CADB4F20}.Release|Any CPU.ActiveCfg = Release|Any CPU
		{C8223A51-5BA9-42CD-8DFE-B0A1CADB4F20}.Release|Any CPU.Build.0 = Release|Any CPU
	EndGlobalSection
	GlobalSection(SolutionProperties) = preSolution
		HideSolutionNode = FALSE
	EndGlobalSection
	GlobalSection(ExtensibilityGlobals) = postSolution
		SolutionGuid = {6FA8F1E6-56BB-4DD7-B453-68925E6DC5FF}
	EndGlobalSection
EndGlobal
